{
  "originHash" : "963dec0c036dfb74b8bf95b92793b0d18c6a30437ebc89e1a371c1d4790d647c",
  "pins" : [
    {
      "identity" : "swift-http-types",
      "kind" : "remoteSourceControl",
      "location" : "https://github.com/apple/swift-http-types.git",
      "state" : {
        "revision" : "9410f6b9a3d418a5416cfe30d8de4227bc6890a0",
        "version" : "1.5.0"
      }
    }
  ],
  "version" : 3
}
