// !$*UTF8*$!
{
	archiveVersion = 1;
	classes = {
	};
	objectVersion = 50;
	objects = {

/* Begin PBXBuildFile section */
		894460272085E6260049667E /* XCTAssertFatalErrorTests.swift in Sources */ = {isa = PBXBuildFile; fileRef = 894460262085E6260049667E /* XCTAssertFatalErrorTests.swift */; };
		8945B2702085E05D006ED83E /* XCTest.framework in Frameworks */ = {isa = PBXBuildFile; fileRef = 8945B26F2085E05D006ED83E /* XCTest.framework */; };
		895BBD7E2084FACF005609D4 /* Support.framework in Frameworks */ = {isa = PBXBuildFile; fileRef = 895BBD742084FACF005609D4 /* Support.framework */; };
		895BBD832084FACF005609D4 /* SupportTests.swift in Sources */ = {isa = PBXBuildFile; fileRef = 895BBD822084FACF005609D4 /* SupportTests.swift */; };
		895BBDA12084FB90005609D4 /* Thread.swift in Sources */ = {isa = PBXBuildFile; fileRef = 895BBDA02084FB90005609D4 /* Thread.swift */; };
		8971A52921F9E1A9005279F2 /* Action.swift in Sources */ = {isa = PBXBuildFile; fileRef = 8971A52821F9E1A9005279F2 /* Action.swift */; };
		899602452085031E00306396 /* XCTAssertFatalError.swift in Sources */ = {isa = PBXBuildFile; fileRef = 899602442085031E00306396 /* XCTAssertFatalError.swift */; };
		89960247208503C200306396 /* TestingSupport.framework in Frameworks */ = {isa = PBXBuildFile; fileRef = 899602382085028800306396 /* TestingSupport.framework */; };
/* End PBXBuildFile section */

/* Begin PBXContainerItemProxy section */
		894460282085E9860049667E /* PBXContainerItemProxy */ = {
			isa = PBXContainerItemProxy;
			containerPortal = 895BBD6B2084FACF005609D4 /* Project object */;
			proxyType = 1;
			remoteGlobalIDString = 895BBD732084FACF005609D4;
			remoteInfo = Support;
		};
		895BBD7F2084FACF005609D4 /* PBXContainerItemProxy */ = {
			isa = PBXContainerItemProxy;
			containerPortal = 895BBD6B2084FACF005609D4 /* Project object */;
			proxyType = 1;
			remoteGlobalIDString = 895BBD732084FACF005609D4;
			remoteInfo = Support;
		};
		89960248208503C600306396 /* PBXContainerItemProxy */ = {
			isa = PBXContainerItemProxy;
			containerPortal = 895BBD6B2084FACF005609D4 /* Project object */;
			proxyType = 1;
			remoteGlobalIDString = 899602372085028800306396;
			remoteInfo = TestingSupport;
		};
/* End PBXContainerItemProxy section */

/* Begin PBXFileReference section */
		894460262085E6260049667E /* XCTAssertFatalErrorTests.swift */ = {isa = PBXFileReference; lastKnownFileType = sourcecode.swift; path = XCTAssertFatalErrorTests.swift; sourceTree = "<group>"; };
		8945B26F2085E05D006ED83E /* XCTest.framework */ = {isa = PBXFileReference; lastKnownFileType = wrapper.framework; name = XCTest.framework; path = Platforms/iPhoneOS.platform/Developer/Library/Frameworks/XCTest.framework; sourceTree = DEVELOPER_DIR; };
		895BBD742084FACF005609D4 /* Support.framework */ = {isa = PBXFileReference; explicitFileType = wrapper.framework; includeInIndex = 0; path = Support.framework; sourceTree = BUILT_PRODUCTS_DIR; };
		895BBD782084FACF005609D4 /* Info.plist */ = {isa = PBXFileReference; lastKnownFileType = text.plist.xml; path = Info.plist; sourceTree = "<group>"; };
		895BBD7D2084FACF005609D4 /* SupportTests.xctest */ = {isa = PBXFileReference; explicitFileType = wrapper.cfbundle; includeInIndex = 0; path = SupportTests.xctest; sourceTree = BUILT_PRODUCTS_DIR; };
		895BBD822084FACF005609D4 /* SupportTests.swift */ = {isa = PBXFileReference; lastKnownFileType = sourcecode.swift; path = SupportTests.swift; sourceTree = "<group>"; };
		895BBD842084FACF005609D4 /* Info.plist */ = {isa = PBXFileReference; lastKnownFileType = text.plist.xml; path = Info.plist; sourceTree = "<group>"; };
		895BBD912084FB52005609D4 /* Debug.xcconfig */ = {isa = PBXFileReference; lastKnownFileType = text.xcconfig; path = Debug.xcconfig; sourceTree = "<group>"; };
		895BBD922084FB52005609D4 /* Release.xcconfig */ = {isa = PBXFileReference; lastKnownFileType = text.xcconfig; path = Release.xcconfig; sourceTree = "<group>"; };
		895BBD942084FB52005609D4 /* OSX.xcconfig */ = {isa = PBXFileReference; lastKnownFileType = text.xcconfig; path = OSX.xcconfig; sourceTree = "<group>"; };
		895BBD952084FB52005609D4 /* iOS.xcconfig */ = {isa = PBXFileReference; lastKnownFileType = text.xcconfig; path = iOS.xcconfig; sourceTree = "<group>"; };
		895BBD972084FB52005609D4 /* App.xcconfig */ = {isa = PBXFileReference; lastKnownFileType = text.xcconfig; path = App.xcconfig; sourceTree = "<group>"; };
		895BBD982084FB52005609D4 /* Framework.xcconfig */ = {isa = PBXFileReference; lastKnownFileType = text.xcconfig; path = Framework.xcconfig; sourceTree = "<group>"; };
		895BBD992084FB52005609D4 /* UITest.xcconfig */ = {isa = PBXFileReference; lastKnownFileType = text.xcconfig; path = UITest.xcconfig; sourceTree = "<group>"; };
		895BBD9A2084FB52005609D4 /* Test.xcconfig */ = {isa = PBXFileReference; lastKnownFileType = text.xcconfig; path = Test.xcconfig; sourceTree = "<group>"; };
		895BBD9B2084FB52005609D4 /* Project.xcconfig */ = {isa = PBXFileReference; lastKnownFileType = text.xcconfig; path = Project.xcconfig; sourceTree = "<group>"; };
		895BBDA02084FB90005609D4 /* Thread.swift */ = {isa = PBXFileReference; lastKnownFileType = sourcecode.swift; path = Thread.swift; sourceTree = "<group>"; };
		8971A52821F9E1A9005279F2 /* Action.swift */ = {isa = PBXFileReference; fileEncoding = 4; lastKnownFileType = sourcecode.swift; name = Action.swift; path = ../../../../../Chums/Chums/ChumsCore/Sources/Common/Action.swift; sourceTree = "<group>"; };
		899602312084FE9000306396 /* SupportTests.xcconfig */ = {isa = PBXFileReference; lastKnownFileType = text.xcconfig; path = SupportTests.xcconfig; sourceTree = "<group>"; };
		899602322084FEA000306396 /* Support.xcconfig */ = {isa = PBXFileReference; lastKnownFileType = text.xcconfig; path = Support.xcconfig; sourceTree = "<group>"; };
		899602382085028800306396 /* TestingSupport.framework */ = {isa = PBXFileReference; explicitFileType = wrapper.framework; includeInIndex = 0; path = TestingSupport.framework; sourceTree = BUILT_PRODUCTS_DIR; };
		8996023B2085028800306396 /* Info.plist */ = {isa = PBXFileReference; lastKnownFileType = text.plist.xml; path = Info.plist; sourceTree = "<group>"; };
		89960243208502CC00306396 /* TestingSupport.xcconfig */ = {isa = PBXFileReference; lastKnownFileType = text.xcconfig; path = TestingSupport.xcconfig; sourceTree = "<group>"; };
		899602442085031E00306396 /* XCTAssertFatalError.swift */ = {isa = PBXFileReference; lastKnownFileType = sourcecode.swift; path = XCTAssertFatalError.swift; sourceTree = "<group>"; };
/* End PBXFileReference section */

/* Begin PBXFrameworksBuildPhase section */
		895BBD702084FACF005609D4 /* Frameworks */ = {
			isa = PBXFrameworksBuildPhase;
			buildActionMask = 2147483647;
			files = (
			);
			runOnlyForDeploymentPostprocessing = 0;
		};
		895BBD7A2084FACF005609D4 /* Frameworks */ = {
			isa = PBXFrameworksBuildPhase;
			buildActionMask = 2147483647;
			files = (
				89960247208503C200306396 /* TestingSupport.framework in Frameworks */,
				895BBD7E2084FACF005609D4 /* Support.framework in Frameworks */,
			);
			runOnlyForDeploymentPostprocessing = 0;
		};
		899602342085028800306396 /* Frameworks */ = {
			isa = PBXFrameworksBuildPhase;
			buildActionMask = 2147483647;
			files = (
				8945B2702085E05D006ED83E /* XCTest.framework in Frameworks */,
			);
			runOnlyForDeploymentPostprocessing = 0;
		};
/* End PBXFrameworksBuildPhase section */

/* Begin PBXGroup section */
		895BBD6A2084FACF005609D4 = {
			isa = PBXGroup;
			children = (
				895BBD762084FACF005609D4 /* Support */,
				899602392085028800306396 /* TestingSupport */,
				895BBD812084FACF005609D4 /* SupportTests */,
				895BBD8E2084FB52005609D4 /* Shared */,
				895BBD752084FACF005609D4 /* Products */,
				89960246208503C200306396 /* Frameworks */,
			);
			sourceTree = "<group>";
		};
		895BBD752084FACF005609D4 /* Products */ = {
			isa = PBXGroup;
			children = (
				895BBD742084FACF005609D4 /* Support.framework */,
				895BBD7D2084FACF005609D4 /* SupportTests.xctest */,
				899602382085028800306396 /* TestingSupport.framework */,
			);
			name = Products;
			sourceTree = "<group>";
		};
		895BBD762084FACF005609D4 /* Support */ = {
			isa = PBXGroup;
			children = (
				895BBD9F2084FB85005609D4 /* Sources */,
				895BBD9E2084FB7F005609D4 /* Configurations */,
			);
			path = Support;
			sourceTree = "<group>";
		};
		895BBD812084FACF005609D4 /* SupportTests */ = {
			isa = PBXGroup;
			children = (
				895BBD9C2084FB6C005609D4 /* Sources */,
				895BBD9D2084FB74005609D4 /* Configurations */,
			);
			path = SupportTests;
			sourceTree = "<group>";
		};
		895BBD8E2084FB52005609D4 /* Shared */ = {
			isa = PBXGroup;
			children = (
				895BBD8F2084FB52005609D4 /* Configurations */,
			);
			name = Shared;
			path = ../Shared;
			sourceTree = "<group>";
		};
		895BBD8F2084FB52005609D4 /* Configurations */ = {
			isa = PBXGroup;
			children = (
				895BBD902084FB52005609D4 /* Configurations */,
				895BBD932084FB52005609D4 /* Platforms */,
				895BBD962084FB52005609D4 /* Targets */,
				895BBD9B2084FB52005609D4 /* Project.xcconfig */,
			);
			path = Configurations;
			sourceTree = "<group>";
		};
		895BBD902084FB52005609D4 /* Configurations */ = {
			isa = PBXGroup;
			children = (
				895BBD912084FB52005609D4 /* Debug.xcconfig */,
				895BBD922084FB52005609D4 /* Release.xcconfig */,
			);
			path = Configurations;
			sourceTree = "<group>";
		};
		895BBD932084FB52005609D4 /* Platforms */ = {
			isa = PBXGroup;
			children = (
				895BBD942084FB52005609D4 /* OSX.xcconfig */,
				895BBD952084FB52005609D4 /* iOS.xcconfig */,
			);
			path = Platforms;
			sourceTree = "<group>";
		};
		895BBD962084FB52005609D4 /* Targets */ = {
			isa = PBXGroup;
			children = (
				895BBD972084FB52005609D4 /* App.xcconfig */,
				895BBD982084FB52005609D4 /* Framework.xcconfig */,
				895BBD992084FB52005609D4 /* UITest.xcconfig */,
				895BBD9A2084FB52005609D4 /* Test.xcconfig */,
			);
			path = Targets;
			sourceTree = "<group>";
		};
		895BBD9C2084FB6C005609D4 /* Sources */ = {
			isa = PBXGroup;
			children = (
				895BBD822084FACF005609D4 /* SupportTests.swift */,
				894460262085E6260049667E /* XCTAssertFatalErrorTests.swift */,
			);
			path = Sources;
			sourceTree = "<group>";
		};
		895BBD9D2084FB74005609D4 /* Configurations */ = {
			isa = PBXGroup;
			children = (
				895BBD842084FACF005609D4 /* Info.plist */,
				899602312084FE9000306396 /* SupportTests.xcconfig */,
			);
			path = Configurations;
			sourceTree = "<group>";
		};
		895BBD9E2084FB7F005609D4 /* Configurations */ = {
			isa = PBXGroup;
			children = (
				895BBD782084FACF005609D4 /* Info.plist */,
				899602322084FEA000306396 /* Support.xcconfig */,
			);
			path = Configurations;
			sourceTree = "<group>";
		};
		895BBD9F2084FB85005609D4 /* Sources */ = {
			isa = PBXGroup;
			children = (
				8971A52721F9E198005279F2 /* Aliases */,
				895BBDA02084FB90005609D4 /* Thread.swift */,
			);
			path = Sources;
			sourceTree = "<group>";
		};
		8971A52721F9E198005279F2 /* Aliases */ = {
			isa = PBXGroup;
			children = (
				8971A52821F9E1A9005279F2 /* Action.swift */,
			);
			path = Aliases;
			sourceTree = "<group>";
		};
		899602392085028800306396 /* TestingSupport */ = {
			isa = PBXGroup;
			children = (
				89960240208502AC00306396 /* Sources */,
				89960242208502BA00306396 /* Configurations */,
			);
			path = TestingSupport;
			sourceTree = "<group>";
		};
		89960240208502AC00306396 /* Sources */ = {
			isa = PBXGroup;
			children = (
				899602442085031E00306396 /* XCTAssertFatalError.swift */,
			);
			path = Sources;
			sourceTree = "<group>";
		};
		89960242208502BA00306396 /* Configurations */ = {
			isa = PBXGroup;
			children = (
				8996023B2085028800306396 /* Info.plist */,
				89960243208502CC00306396 /* TestingSupport.xcconfig */,
			);
			path = Configurations;
			sourceTree = "<group>";
		};
		89960246208503C200306396 /* Frameworks */ = {
			isa = PBXGroup;
			children = (
				8945B26F2085E05D006ED83E /* XCTest.framework */,
			);
			name = Frameworks;
			sourceTree = "<group>";
		};
/* End PBXGroup section */

/* Begin PBXHeadersBuildPhase section */
		895BBD712084FACF005609D4 /* Headers */ = {
			isa = PBXHeadersBuildPhase;
			buildActionMask = 2147483647;
			files = (
			);
			runOnlyForDeploymentPostprocessing = 0;
		};
		899602352085028800306396 /* Headers */ = {
			isa = PBXHeadersBuildPhase;
			buildActionMask = 2147483647;
			files = (
			);
			runOnlyForDeploymentPostprocessing = 0;
		};
/* End PBXHeadersBuildPhase section */

/* Begin PBXNativeTarget section */
		895BBD732084FACF005609D4 /* Support */ = {
			isa = PBXNativeTarget;
			buildConfigurationList = 895BBD882084FACF005609D4 /* Build configuration list for PBXNativeTarget "Support" */;
			buildPhases = (
				895BBD6F2084FACF005609D4 /* Sources */,
				895BBD702084FACF005609D4 /* Frameworks */,
				895BBD712084FACF005609D4 /* Headers */,
				895BBD722084FACF005609D4 /* Resources */,
			);
			buildRules = (
			);
			dependencies = (
			);
			name = Support;
			productName = Support;
			productReference = 895BBD742084FACF005609D4 /* Support.framework */;
			productType = "com.apple.product-type.framework";
		};
		895BBD7C2084FACF005609D4 /* SupportTests */ = {
			isa = PBXNativeTarget;
			buildConfigurationList = 895BBD8B2084FACF005609D4 /* Build configuration list for PBXNativeTarget "SupportTests" */;
			buildPhases = (
				895BBD792084FACF005609D4 /* Sources */,
				895BBD7A2084FACF005609D4 /* Frameworks */,
				895BBD7B2084FACF005609D4 /* Resources */,
			);
			buildRules = (
			);
			dependencies = (
				89960249208503C600306396 /* PBXTargetDependency */,
				895BBD802084FACF005609D4 /* PBXTargetDependency */,
			);
			name = SupportTests;
			productName = SupportTests;
			productReference = 895BBD7D2084FACF005609D4 /* SupportTests.xctest */;
			productType = "com.apple.product-type.bundle.unit-test";
		};
		899602372085028800306396 /* TestingSupport */ = {
			isa = PBXNativeTarget;
			buildConfigurationList = 8996023D2085028800306396 /* Build configuration list for PBXNativeTarget "TestingSupport" */;
			buildPhases = (
				899602332085028800306396 /* Sources */,
				899602342085028800306396 /* Frameworks */,
				899602352085028800306396 /* Headers */,
				899602362085028800306396 /* Resources */,
			);
			buildRules = (
			);
			dependencies = (
				894460292085E9860049667E /* PBXTargetDependency */,
			);
			name = TestingSupport;
			productName = TestingSupport;
			productReference = 899602382085028800306396 /* TestingSupport.framework */;
			productType = "com.apple.product-type.framework";
		};
/* End PBXNativeTarget section */

/* Begin PBXProject section */
		895BBD6B2084FACF005609D4 /* Project object */ = {
			isa = PBXProject;
			attributes = {
				LastSwiftUpdateCheck = 0930;
				LastUpgradeCheck = 1010;
				ORGANIZATIONNAME = Zuhlke;
				TargetAttributes = {
					895BBD732084FACF005609D4 = {
						CreatedOnToolsVersion = 9.3;
						LastSwiftMigration = 1010;
					};
					895BBD7C2084FACF005609D4 = {
						CreatedOnToolsVersion = 9.3;
						LastSwiftMigration = 1010;
					};
					899602372085028800306396 = {
						CreatedOnToolsVersion = 9.3;
						LastSwiftMigration = 1010;
					};
				};
			};
			buildConfigurationList = 895BBD6E2084FACF005609D4 /* Build configuration list for PBXProject "Support" */;
			compatibilityVersion = "Xcode 9.3";
			developmentRegion = en;
			hasScannedForEncodings = 0;
			knownRegions = (
				en,
			);
			mainGroup = 895BBD6A2084FACF005609D4;
			productRefGroup = 895BBD752084FACF005609D4 /* Products */;
			projectDirPath = "";
			projectRoot = "";
			targets = (
				895BBD732084FACF005609D4 /* Support */,
				899602372085028800306396 /* TestingSupport */,
				895BBD7C2084FACF005609D4 /* SupportTests */,
			);
		};
/* End PBXProject section */

/* Begin PBXResourcesBuildPhase section */
		895BBD722084FACF005609D4 /* Resources */ = {
			isa = PBXResourcesBuildPhase;
			buildActionMask = 2147483647;
			files = (
			);
			runOnlyForDeploymentPostprocessing = 0;
		};
		895BBD7B2084FACF005609D4 /* Resources */ = {
			isa = PBXResourcesBuildPhase;
			buildActionMask = 2147483647;
			files = (
			);
			runOnlyForDeploymentPostprocessing = 0;
		};
		899602362085028800306396 /* Resources */ = {
			isa = PBXResourcesBuildPhase;
			buildActionMask = 2147483647;
			files = (
			);
			runOnlyForDeploymentPostprocessing = 0;
		};
/* End PBXResourcesBuildPhase section */

/* Begin PBXSourcesBuildPhase section */
		895BBD6F2084FACF005609D4 /* Sources */ = {
			isa = PBXSourcesBuildPhase;
			buildActionMask = 2147483647;
			files = (
				895BBDA12084FB90005609D4 /* Thread.swift in Sources */,
				8971A52921F9E1A9005279F2 /* Action.swift in Sources */,
			);
			runOnlyForDeploymentPostprocessing = 0;
		};
		895BBD792084FACF005609D4 /* Sources */ = {
			isa = PBXSourcesBuildPhase;
			buildActionMask = 2147483647;
			files = (
				895BBD832084FACF005609D4 /* SupportTests.swift in Sources */,
				894460272085E6260049667E /* XCTAssertFatalErrorTests.swift in Sources */,
			);
			runOnlyForDeploymentPostprocessing = 0;
		};
		899602332085028800306396 /* Sources */ = {
			isa = PBXSourcesBuildPhase;
			buildActionMask = 2147483647;
			files = (
				899602452085031E00306396 /* XCTAssertFatalError.swift in Sources */,
			);
			runOnlyForDeploymentPostprocessing = 0;
		};
/* End PBXSourcesBuildPhase section */

/* Begin PBXTargetDependency section */
		894460292085E9860049667E /* PBXTargetDependency */ = {
			isa = PBXTargetDependency;
			target = 895BBD732084FACF005609D4 /* Support */;
			targetProxy = 894460282085E9860049667E /* PBXContainerItemProxy */;
		};
		895BBD802084FACF005609D4 /* PBXTargetDependency */ = {
			isa = PBXTargetDependency;
			target = 895BBD732084FACF005609D4 /* Support */;
			targetProxy = 895BBD7F2084FACF005609D4 /* PBXContainerItemProxy */;
		};
		89960249208503C600306396 /* PBXTargetDependency */ = {
			isa = PBXTargetDependency;
			target = 899602372085028800306396 /* TestingSupport */;
			targetProxy = 89960248208503C600306396 /* PBXContainerItemProxy */;
		};
/* End PBXTargetDependency section */

/* Begin XCBuildConfiguration section */
		895BBD862084FACF005609D4 /* Debug */ = {
			isa = XCBuildConfiguration;
			baseConfigurationReference = 895BBD912084FB52005609D4 /* Debug.xcconfig */;
			buildSettings = {
			};
			name = Debug;
		};
		895BBD872084FACF005609D4 /* Release */ = {
			isa = XCBuildConfiguration;
			baseConfigurationReference = 895BBD922084FB52005609D4 /* Release.xcconfig */;
			buildSettings = {
			};
			name = Release;
		};
		895BBD892084FACF005609D4 /* Debug */ = {
			isa = XCBuildConfiguration;
			baseConfigurationReference = 899602322084FEA000306396 /* Support.xcconfig */;
			buildSettings = {
			};
			name = Debug;
		};
		895BBD8A2084FACF005609D4 /* Release */ = {
			isa = XCBuildConfiguration;
			baseConfigurationReference = 899602322084FEA000306396 /* Support.xcconfig */;
			buildSettings = {
			};
			name = Release;
		};
		895BBD8C2084FACF005609D4 /* Debug */ = {
			isa = XCBuildConfiguration;
			baseConfigurationReference = 899602312084FE9000306396 /* SupportTests.xcconfig */;
			buildSettings = {
			};
			name = Debug;
		};
		895BBD8D2084FACF005609D4 /* Release */ = {
			isa = XCBuildConfiguration;
			baseConfigurationReference = 899602312084FE9000306396 /* SupportTests.xcconfig */;
			buildSettings = {
			};
			name = Release;
		};
		8996023E2085028800306396 /* Debug */ = {
			isa = XCBuildConfiguration;
			baseConfigurationReference = 89960243208502CC00306396 /* TestingSupport.xcconfig */;
			buildSettings = {
			};
			name = Debug;
		};
		8996023F2085028800306396 /* Release */ = {
			isa = XCBuildConfiguration;
			baseConfigurationReference = 89960243208502CC00306396 /* TestingSupport.xcconfig */;
			buildSettings = {
			};
			name = Release;
		};
/* End XCBuildConfiguration section */

/* Begin XCConfigurationList section */
		895BBD6E2084FACF005609D4 /* Build configuration list for PBXProject "Support" */ = {
			isa = XCConfigurationList;
			buildConfigurations = (
				895BBD862084FACF005609D4 /* Debug */,
				895BBD872084FACF005609D4 /* Release */,
			);
			defaultConfigurationIsVisible = 0;
			defaultConfigurationName = Release;
		};
		895BBD882084FACF005609D4 /* Build configuration list for PBXNativeTarget "Support" */ = {
			isa = XCConfigurationList;
			buildConfigurations = (
				895BBD892084FACF005609D4 /* Debug */,
				895BBD8A2084FACF005609D4 /* Release */,
			);
			defaultConfigurationIsVisible = 0;
			defaultConfigurationName = Release;
		};
		895BBD8B2084FACF005609D4 /* Build configuration list for PBXNativeTarget "SupportTests" */ = {
			isa = XCConfigurationList;
			buildConfigurations = (
				895BBD8C2084FACF005609D4 /* Debug */,
				895BBD8D2084FACF005609D4 /* Release */,
			);
			defaultConfigurationIsVisible = 0;
			defaultConfigurationName = Release;
		};
		8996023D2085028800306396 /* Build configuration list for PBXNativeTarget "TestingSupport" */ = {
			isa = XCConfigurationList;
			buildConfigurations = (
				8996023E2085028800306396 /* Debug */,
				8996023F2085028800306396 /* Release */,
			);
			defaultConfigurationIsVisible = 0;
			defaultConfigurationName = Release;
		};
/* End XCConfigurationList section */
	};
	rootObject = 895BBD6B2084FACF005609D4 /* Project object */;
}
